
Microsoft Visual Studio Solution File, Format Version 12.00
# Visual Studio Version 16
VisualStudioVersion = 16.0.31702.278
MinimumVisualStudioVersion = 10.0.40219.1
Project("{FAE04EC0-301F-11D3-BF4B-00C04F79EFBC}") = "Zadanie19", "Zadanie19.csproj", "{987F6EB4-22A2-4375-AB6A-C0539403198E}"
EndProject
Global
	GlobalSection(SolutionConfigurationPlatforms) = preSolution
		Debug|Any CPU = Debug|Any CPU
		Release|Any CPU = Release|Any CPU
	EndGlobalSection
	GlobalSection(ProjectConfigurationPlatforms) = postSolution
		{987F6EB4-22A2-4375-AB6A-C0539403198E}.Debug|Any CPU.ActiveCfg = Debug|Any CPU
		{987F6EB4-22A2-4375-AB6A-C0539403198E}.Debug|Any CPU.Build.0 = Debug|Any CPU
		{987F6EB4-22A2-4375-AB6A-C0539403198E}.Release|Any CPU.ActiveCfg = Release|Any CPU
		{987F6EB4-22A2-4375-AB6A-C0539403198E}.Release|Any CPU.Build.0 = Release|Any CPU
	EndGlobalSection
	GlobalSection(SolutionProperties) = preSolution
		HideSolutionNode = FALSE
	EndGlobalSection
	GlobalSection(ExtensibilityGlobals) = postSolution
		SolutionGuid = {6CF2995A-B088-405A-9FF1-5EB7CA929EB9}
	EndGlobalSection
EndGlobal
